
Microsoft Visual Studio Solution File, Format Version 12.00
# Visual Studio Version 17
VisualStudioVersion = 17.14.37111.16 d17.14
MinimumVisualStudioVersion = 10.0.40219.1
Project("{FAE04EC0-301F-11D3-BF4B-00C04F79EFBC}") = "ObscureGameEngine", "ObscureGameEngine.csproj", "{064A053D-0CDE-4503-88E2-9047A3EB36ED}"
EndProject
Global
	GlobalSection(SolutionConfigurationPlatforms) = preSolution
		Debug|Any CPU = Debug|Any CPU
		Release|Any CPU = Release|Any CPU
	EndGlobalSection
	GlobalSection(ProjectConfigurationPlatforms) = postSolution
		{064A053D-0CDE-4503-88E2-9047A3EB36ED}.Debug|Any CPU.ActiveCfg = Debug|Any CPU
		{064A053D-0CDE-4503-88E2-9047A3EB36ED}.Debug|Any CPU.Build.0 = Debug|Any CPU
		{064A053D-0CDE-4503-88E2-9047A3EB36ED}.Release|Any CPU.ActiveCfg = Release|Any CPU
		{064A053D-0CDE-4503-88E2-9047A3EB36ED}.Release|Any CPU.Build.0 = Release|Any CPU
	EndGlobalSection
	GlobalSection(SolutionProperties) = preSolution
		HideSolutionNode = FALSE
	EndGlobalSection
	GlobalSection(ExtensibilityGlobals) = postSolution
		SolutionGuid = {35ED0FE2-7DB1-4F41-B3CE-9AFCA9AFECE3}
	EndGlobalSection
EndGlobal
